
Microsoft Visual Studio Solution File, Format Version 12.00
# Visual Studio Version 16
VisualStudioVersion = 16.0.29123.88
MinimumVisualStudioVersion = 10.0.40219.1
Project("{9A19103F-16F7-4668-BE54-9A1E7A4F7556}") = "WeCode", "WeCode.csproj", "{027091F6-C0C1-4D08-B02A-499583F077B4}"
EndProject
Project("{FAE04EC0-301F-11D3-BF4B-00C04F79EFBC}") = "WeCode.DataAccess", "..\WeCode.DataAccess\WeCode.DataAccess.csproj", "{633AB74E-A79D-41F4-9C3D-00DF302976DB}"
EndProject
Global
	GlobalSection(SolutionConfigurationPlatforms) = preSolution
		Debug|Any CPU = Debug|Any CPU
		Release|Any CPU = Release|Any CPU
	EndGlobalSection
	GlobalSection(ProjectConfigurationPlatforms) = postSolution
		{027091F6-C0C1-4D08-B02A-499583F077B4}.Debug|Any CPU.ActiveCfg = Debug|Any CPU
		{027091F6-C0C1-4D08-B02A-499583F077B4}.Debug|Any CPU.Build.0 = Debug|Any CPU
		{027091F6-C0C1-4D08-B02A-499583F077B4}.Release|Any CPU.ActiveCfg = Release|Any CPU
		{027091F6-C0C1-4D08-B02A-499583F077B4}.Release|Any CPU.Build.0 = Release|Any CPU
		{633AB74E-A79D-41F4-9C3D-00DF302976DB}.Debug|Any CPU.ActiveCfg = Debug|Any CPU
		{633AB74E-A79D-41F4-9C3D-00DF302976DB}.Debug|Any CPU.Build.0 = Debug|Any CPU
		{633AB74E-A79D-41F4-9C3D-00DF302976DB}.Release|Any CPU.ActiveCfg = Release|Any CPU
		{633AB74E-A79D-41F4-9C3D-00DF302976DB}.Release|Any CPU.Build.0 = Release|Any CPU
	EndGlobalSection
	GlobalSection(SolutionProperties) = preSolution
		HideSolutionNode = FALSE
	EndGlobalSection
	GlobalSection(ExtensibilityGlobals) = postSolution
		SolutionGuid = {D5D3452E-767F-48A3-9DE0-7698380D588F}
	EndGlobalSection
EndGlobal
